<?xml version="1.0" encoding="utf-8"?>
<Project ToolsVersion="4.0" xmlns="http://schemas.microsoft.com/developer/msbuild/2003">
  <ItemGroup>
    <Filter Include="Source Files">
      <UniqueIdentifier>{4FC737F1-C7A5-4376-A066-2A32D752A2FF}</UniqueIdentifier>
      <Extensions>cpp;c;cc;cxx;def;odl;idl;hpj;bat;asm;asmx</Extensions>
    </Filter>
    <Filter Include="Header Files">
      <UniqueIdentifier>{93995380-89BD-4b04-88EB-625FBE52EBFB}</UniqueIdentifier>
      <Extensions>h;hpp;hxx;hm;inl;inc;xsd</Extensions>
    </Filter>
  </ItemGroup>
  <ItemGroup>
    <ClInclude Include="Parser.h">
      <Filter>Header Files</Filter>
    </ClInclude>
    <ClInclude Include="CommandTokens.h">
      <Filter>Header Files</Filter>
    </ClInclude>
    <ClInclude Include="AddCommandParser.h">
      <Filter>Header Files</Filter>
    </ClInclude>
    <ClInclude Include="DateParser.h">
      <Filter>Header Files</Filter>
    </ClInclude>
    <ClInclude Include="DeleteCommandParser.h">
      <Filter>Header Files</Filter>
    </ClInclude>
    <ClInclude Include="EditCommandParser.h">
      <Filter>Header Files</Filter>
    </ClInclude>
    <ClInclude Include="DisplayCommandParser.h">
      <Filter>Header Files</Filter>
    </ClInclude>
    <ClInclude Include="CompleteCommandParser.h">
      <Filter>Header Files</Filter>
    </ClInclude>
  </ItemGroup>
  <ItemGroup>
    <ClCompile Include="Parser.cpp">
      <Filter>Source Files</Filter>
    </ClCompile>
    <ClCompile Include="CommandTokens.cpp">
      <Filter>Source Files</Filter>
    </ClCompile>
    <ClCompile Include="AddCommandParser.cpp">
      <Filter>Source Files</Filter>
    </ClCompile>
    <ClCompile Include="DateParser.cpp">
      <Filter>Source Files</Filter>
    </ClCompile>
    <ClCompile Include="DeleteCommandParser.cpp">
      <Filter>Source Files</Filter>
    </ClCompile>
    <ClCompile Include="EditCommandParser.cpp">
      <Filter>Source Files</Filter>
    </ClCompile>
    <ClCompile Include="DisplayCommandParser.cpp">
      <Filter>Source Files</Filter>
    </ClCompile>
    <ClCompile Include="CompleteCommandParser.cpp">
      <Filter>Source Files</Filter>
    </ClCompile>
  </ItemGroup>
</Project>